
Microsoft Visual Studio Solution File, Format Version 12.00
# Visual Studio Version 17
VisualStudioVersion = 17.10.34928.147
MinimumVisualStudioVersion = 10.0.40219.1
Project("{FAE04EC0-301F-11D3-BF4B-00C04F79EFBC}") = "WoTime", "WoTime\WoTime.csproj", "{5509F8A7-487E-42E7-BAD4-4B2A1D269337}"
EndProject
Project("{FAE04EC0-301F-11D3-BF4B-00C04F79EFBC}") = "WoTime.Android", "WoTime.Android\WoTime.Android.csproj", "{61D64D52-DAB3-434C-B15E-78CC63A3D5AA}"
EndProject
Project("{FAE04EC0-301F-11D3-BF4B-00C04F79EFBC}") = "WoTime.Desktop", "WoTime.Desktop\WoTime.Desktop.csproj", "{7A1D0C99-9AE0-431C-8AE6-0D058390352B}"
EndProject
Project("{FAE04EC0-301F-11D3-BF4B-00C04F79EFBC}") = "WoTime.Browser", "WoTime.Browser\WoTime.Browser.csproj", "{7B674E88-6B13-45B8-B455-4C81A278762A}"
EndProject
Global
	GlobalSection(SolutionConfigurationPlatforms) = preSolution
		Debug|Any CPU = Debug|Any CPU
		Release|Any CPU = Release|Any CPU
	EndGlobalSection
	GlobalSection(ProjectConfigurationPlatforms) = postSolution
		{5509F8A7-487E-42E7-BAD4-4B2A1D269337}.Debug|Any CPU.ActiveCfg = Debug|Any CPU
		{5509F8A7-487E-42E7-BAD4-4B2A1D269337}.Debug|Any CPU.Build.0 = Debug|Any CPU
		{5509F8A7-487E-42E7-BAD4-4B2A1D269337}.Release|Any CPU.ActiveCfg = Release|Any CPU
		{5509F8A7-487E-42E7-BAD4-4B2A1D269337}.Release|Any CPU.Build.0 = Release|Any CPU
		{61D64D52-DAB3-434C-B15E-78CC63A3D5AA}.Debug|Any CPU.ActiveCfg = Debug|Any CPU
		{61D64D52-DAB3-434C-B15E-78CC63A3D5AA}.Debug|Any CPU.Build.0 = Debug|Any CPU
		{61D64D52-DAB3-434C-B15E-78CC63A3D5AA}.Release|Any CPU.ActiveCfg = Release|Any CPU
		{61D64D52-DAB3-434C-B15E-78CC63A3D5AA}.Release|Any CPU.Build.0 = Release|Any CPU
		{7A1D0C99-9AE0-431C-8AE6-0D058390352B}.Debug|Any CPU.ActiveCfg = Debug|Any CPU
		{7A1D0C99-9AE0-431C-8AE6-0D058390352B}.Debug|Any CPU.Build.0 = Debug|Any CPU
		{7A1D0C99-9AE0-431C-8AE6-0D058390352B}.Release|Any CPU.ActiveCfg = Release|Any CPU
		{7A1D0C99-9AE0-431C-8AE6-0D058390352B}.Release|Any CPU.Build.0 = Release|Any CPU
		{7B674E88-6B13-45B8-B455-4C81A278762A}.Debug|Any CPU.ActiveCfg = Debug|Any CPU
		{7B674E88-6B13-45B8-B455-4C81A278762A}.Debug|Any CPU.Build.0 = Debug|Any CPU
		{7B674E88-6B13-45B8-B455-4C81A278762A}.Release|Any CPU.ActiveCfg = Release|Any CPU
		{7B674E88-6B13-45B8-B455-4C81A278762A}.Release|Any CPU.Build.0 = Release|Any CPU
	EndGlobalSection
	GlobalSection(SolutionProperties) = preSolution
		HideSolutionNode = FALSE
	EndGlobalSection
	GlobalSection(ExtensibilityGlobals) = postSolution
		SolutionGuid = {E4B8A699-EB78-4807-B130-B70B23295C58}
	EndGlobalSection
EndGlobal
